
Microsoft Visual Studio Solution File, Format Version 12.00
# Visual Studio Version 17
VisualStudioVersion = 17.8.34322.80
MinimumVisualStudioVersion = 10.0.40219.1
Project("{FAE04EC0-301F-11D3-BF4B-00C04F79EFBC}") = "Lab_3_4", "Lab_3_4.csproj", "{AB2D29B1-6FC1-4C06-9D19-432F46AE1ED0}"
EndProject
Global
	GlobalSection(SolutionConfigurationPlatforms) = preSolution
		Debug|Any CPU = Debug|Any CPU
		Release|Any CPU = Release|Any CPU
	EndGlobalSection
	GlobalSection(ProjectConfigurationPlatforms) = postSolution
		{AB2D29B1-6FC1-4C06-9D19-432F46AE1ED0}.Debug|Any CPU.ActiveCfg = Debug|Any CPU
		{AB2D29B1-6FC1-4C06-9D19-432F46AE1ED0}.Debug|Any CPU.Build.0 = Debug|Any CPU
		{AB2D29B1-6FC1-4C06-9D19-432F46AE1ED0}.Release|Any CPU.ActiveCfg = Release|Any CPU
		{AB2D29B1-6FC1-4C06-9D19-432F46AE1ED0}.Release|Any CPU.Build.0 = Release|Any CPU
	EndGlobalSection
	GlobalSection(SolutionProperties) = preSolution
		HideSolutionNode = FALSE
	EndGlobalSection
	GlobalSection(ExtensibilityGlobals) = postSolution
		SolutionGuid = {8F2AF1FB-5F62-4F9C-8007-9202F7E13897}
	EndGlobalSection
EndGlobal
